
Microsoft Visual Studio Solution File, Format Version 12.00
# Visual Studio Version 17
VisualStudioVersion = 17.0.32112.339
MinimumVisualStudioVersion = 10.0.40219.1
Project("{9A19103F-16F7-4668-BE54-9A1E7A4F7556}") = "CorpMessengerBackend", "CorpMessengerBackend\CorpMessengerBackend.csproj", "{4D5627A2-EA01-4344-90AF-55BB5910C0AA}"
EndProject
Project("{9A19103F-16F7-4668-BE54-9A1E7A4F7556}") = "TestProject1", "TestProject1\TestProject1.csproj", "{E61FF2B2-C825-4D96-B6EE-43C7C683297B}"
EndProject
Global
	GlobalSection(SolutionConfigurationPlatforms) = preSolution
		Debug|Any CPU = Debug|Any CPU
		Release|Any CPU = Release|Any CPU
	EndGlobalSection
	GlobalSection(ProjectConfigurationPlatforms) = postSolution
		{4D5627A2-EA01-4344-90AF-55BB5910C0AA}.Debug|Any CPU.ActiveCfg = Debug|Any CPU
		{4D5627A2-EA01-4344-90AF-55BB5910C0AA}.Debug|Any CPU.Build.0 = Debug|Any CPU
		{4D5627A2-EA01-4344-90AF-55BB5910C0AA}.Release|Any CPU.ActiveCfg = Release|Any CPU
		{4D5627A2-EA01-4344-90AF-55BB5910C0AA}.Release|Any CPU.Build.0 = Release|Any CPU
		{E61FF2B2-C825-4D96-B6EE-43C7C683297B}.Debug|Any CPU.ActiveCfg = Debug|Any CPU
		{E61FF2B2-C825-4D96-B6EE-43C7C683297B}.Debug|Any CPU.Build.0 = Debug|Any CPU
		{E61FF2B2-C825-4D96-B6EE-43C7C683297B}.Release|Any CPU.ActiveCfg = Release|Any CPU
		{E61FF2B2-C825-4D96-B6EE-43C7C683297B}.Release|Any CPU.Build.0 = Release|Any CPU
	EndGlobalSection
	GlobalSection(SolutionProperties) = preSolution
		HideSolutionNode = FALSE
	EndGlobalSection
	GlobalSection(ExtensibilityGlobals) = postSolution
		SolutionGuid = {E9FEF801-640E-448D-A5A6-3CE3BE3C00C3}
	EndGlobalSection
EndGlobal
